{
  "name": "crh-kuririn",
  "version": "1.0.0",
  "lockfileVersion": 1,
  "requires": true,
  "dependencies": {
    "commander": {
      "version": "2.20.3",
      "resolved": "https://registry.npm.taobao.org/commander/download/commander-2.20.3.tgz?cache=0&sync_timestamp=1587781810870&other_urls=https%3A%2F%2Fregistry.npm.taobao.org%2Fcommander%2Fdownload%2Fcommander-2.20.3.tgz",
      "integrity": "sha1-/UhehMA+tIgcIHIrpIA16FMa6zM=",
      "dev": true
    },
    "jsmin": {
      "version": "1.0.1",
      "resolved": "https://registry.npm.taobao.org/jsmin/download/jsmin-1.0.1.tgz",
      "integrity": "sha1-570NzWSWw79IYyNb9GGj2YqjuYw=",
      "dev": true
    },
    "typescript": {
      "version": "3.8.3",
      "resolved": "https://registry.npm.taobao.org/typescript/download/typescript-3.8.3.tgz",
      "integrity": "sha1-QJ64VE6gM1cRIFhp7EWKsQnuEGE="
    },
    "uglify-js": {
      "version": "3.9.2",
      "resolved": "https://registry.npm.taobao.org/uglify-js/download/uglify-js-3.9.2.tgz",
      "integrity": "sha1-ASt0+2ouRA2bofeREKR507Hy1I0=",
      "dev": true,
      "requires": {
        "commander": "~2.20.3"
      }
    }
  }
}
